
Microsoft Visual Studio Solution File, Format Version 12.00
# Visual Studio Version 17
VisualStudioVersion = 17.2.32630.192
MinimumVisualStudioVersion = 10.0.40219.1
Project("{F184B08F-C81C-45F6-A57F-5ABD9991F28F}") = "Team4Login", "SignInDemo\Team4Login.vbproj", "{C8D7E69A-DB44-4824-B872-8110089FAC5A}"
EndProject
Global
	GlobalSection(SolutionConfigurationPlatforms) = preSolution
		Debug|Any CPU = Debug|Any CPU
		Release|Any CPU = Release|Any CPU
	EndGlobalSection
	GlobalSection(ProjectConfigurationPlatforms) = postSolution
		{C8D7E69A-DB44-4824-B872-8110089FAC5A}.Debug|Any CPU.ActiveCfg = Debug|Any CPU
		{C8D7E69A-DB44-4824-B872-8110089FAC5A}.Debug|Any CPU.Build.0 = Debug|Any CPU
		{C8D7E69A-DB44-4824-B872-8110089FAC5A}.Release|Any CPU.ActiveCfg = Release|Any CPU
		{C8D7E69A-DB44-4824-B872-8110089FAC5A}.Release|Any CPU.Build.0 = Release|Any CPU
	EndGlobalSection
	GlobalSection(SolutionProperties) = preSolution
		HideSolutionNode = FALSE
	EndGlobalSection
	GlobalSection(ExtensibilityGlobals) = postSolution
		SolutionGuid = {34A0422E-0AEA-4384-BBB3-74CCBD0B2DB9}
	EndGlobalSection
EndGlobal
